// !$*UTF8*$!
{
	archiveVersion = 1;
	classes = {
	};
	objectVersion = 56;
	objects = {

/* Begin PBXBuildFile section */
		210A61F72B39B87C00A94414 /* Prio.swift in Sources */ = {isa = PBXBuildFile; fileRef = 210A61F62B39B87C00A94414 /* Prio.swift */; };
		210A61F92B39BAA200A94414 /* PersistentStore.swift in Sources */ = {isa = PBXBuildFile; fileRef = 210A61F82B39BAA200A94414 /* PersistentStore.swift */; };
		210A61FD2B39BB7C00A94414 /* TasksData.xcdatamodeld in Sources */ = {isa = PBXBuildFile; fileRef = 210A61FA2B39BB7C00A94414 /* TasksData.xcdatamodeld */; };
		210A61FF2B39BCCB00A94414 /* TaskViewModel.swift in Sources */ = {isa = PBXBuildFile; fileRef = 210A61FE2B39BCCB00A94414 /* TaskViewModel.swift */; };
		212FC6502B39C1D700177B77 /* HomeView.swift in Sources */ = {isa = PBXBuildFile; fileRef = 212FC64F2B39C1D700177B77 /* HomeView.swift */; };
		212FC6522B39C7F100177B77 /* NewNotesView.swift in Sources */ = {isa = PBXBuildFile; fileRef = 212FC6512B39C7F100177B77 /* NewNotesView.swift */; };
		21CD21872B38AB1200AC85D7 /* NotesApp.swift in Sources */ = {isa = PBXBuildFile; fileRef = 21CD21862B38AB1200AC85D7 /* NotesApp.swift */; };
		21CD21892B38AB1200AC85D7 /* ContentView.swift in Sources */ = {isa = PBXBuildFile; fileRef = 21CD21882B38AB1200AC85D7 /* ContentView.swift */; };
		21CD218B2B38AB1200AC85D7 /* Assets.xcassets in Resources */ = {isa = PBXBuildFile; fileRef = 21CD218A2B38AB1200AC85D7 /* Assets.xcassets */; };
		21CD218E2B38AB1200AC85D7 /* Preview Assets.xcassets in Resources */ = {isa = PBXBuildFile; fileRef = 21CD218D2B38AB1200AC85D7 /* Preview Assets.xcassets */; };
/* End PBXBuildFile section */

/* Begin PBXFileReference section */
		210A61F62B39B87C00A94414 /* Prio.swift */ = {isa = PBXFileReference; lastKnownFileType = sourcecode.swift; path = Prio.swift; sourceTree = "<group>"; };
		210A61F82B39BAA200A94414 /* PersistentStore.swift */ = {isa = PBXFileReference; lastKnownFileType = sourcecode.swift; path = PersistentStore.swift; sourceTree = "<group>"; };
		210A61FB2B39BB7C00A94414 /* TasksData.xcdatamodel */ = {isa = PBXFileReference; lastKnownFileType = wrapper.xcdatamodel; path = TasksData.xcdatamodel; sourceTree = "<group>"; };
		210A61FC2B39BB7C00A94414 /* Model.xcdatamodel */ = {isa = PBXFileReference; lastKnownFileType = wrapper.xcdatamodel; path = Model.xcdatamodel; sourceTree = "<group>"; };
		210A61FE2B39BCCB00A94414 /* TaskViewModel.swift */ = {isa = PBXFileReference; lastKnownFileType = sourcecode.swift; path = TaskViewModel.swift; sourceTree = "<group>"; };
		212FC64F2B39C1D700177B77 /* HomeView.swift */ = {isa = PBXFileReference; lastKnownFileType = sourcecode.swift; path = HomeView.swift; sourceTree = "<group>"; };
		212FC6512B39C7F100177B77 /* NewNotesView.swift */ = {isa = PBXFileReference; lastKnownFileType = sourcecode.swift; path = NewNotesView.swift; sourceTree = "<group>"; };
		21CD21832B38AB1200AC85D7 /* Notes.app */ = {isa = PBXFileReference; explicitFileType = wrapper.application; includeInIndex = 0; path = Notes.app; sourceTree = BUILT_PRODUCTS_DIR; };
		21CD21862B38AB1200AC85D7 /* NotesApp.swift */ = {isa = PBXFileReference; lastKnownFileType = sourcecode.swift; path = NotesApp.swift; sourceTree = "<group>"; };
		21CD21882B38AB1200AC85D7 /* ContentView.swift */ = {isa = PBXFileReference; lastKnownFileType = sourcecode.swift; path = ContentView.swift; sourceTree = "<group>"; };
		21CD218A2B38AB1200AC85D7 /* Assets.xcassets */ = {isa = PBXFileReference; lastKnownFileType = folder.assetcatalog; path = Assets.xcassets; sourceTree = "<group>"; };
		21CD218D2B38AB1200AC85D7 /* Preview Assets.xcassets */ = {isa = PBXFileReference; lastKnownFileType = folder.assetcatalog; path = "Preview Assets.xcassets"; sourceTree = "<group>"; };
/* End PBXFileReference section */

/* Begin PBXFrameworksBuildPhase section */
		21CD21802B38AB1200AC85D7 /* Frameworks */ = {
			isa = PBXFrameworksBuildPhase;
			buildActionMask = 2147483647;
			files = (
			);
			runOnlyForDeploymentPostprocessing = 0;
		};
/* End PBXFrameworksBuildPhase section */

/* Begin PBXGroup section */
		210A61EE2B39B7C800A94414 /* Model */ = {
			isa = PBXGroup;
			children = (
				210A61FA2B39BB7C00A94414 /* TasksData.xcdatamodeld */,
			);
			path = Model;
			sourceTree = "<group>";
		};
		210A61EF2B39B7CF00A94414 /* Enums */ = {
			isa = PBXGroup;
			children = (
				210A61F62B39B87C00A94414 /* Prio.swift */,
			);
			path = Enums;
			sourceTree = "<group>";
		};
		210A61F02B39B7F500A94414 /* Data */ = {
			isa = PBXGroup;
			children = (
				210A61F82B39BAA200A94414 /* PersistentStore.swift */,
			);
			path = Data;
			sourceTree = "<group>";
		};
		210A61F12B39B7FA00A94414 /* ViewModel */ = {
			isa = PBXGroup;
			children = (
				210A61FE2B39BCCB00A94414 /* TaskViewModel.swift */,
			);
			path = ViewModel;
			sourceTree = "<group>";
		};
		210A61F22B39B80100A94414 /* Views */ = {
			isa = PBXGroup;
			children = (
				212FC64F2B39C1D700177B77 /* HomeView.swift */,
				212FC6512B39C7F100177B77 /* NewNotesView.swift */,
			);
			path = Views;
			sourceTree = "<group>";
		};
		21CD217A2B38AB1200AC85D7 = {
			isa = PBXGroup;
			children = (
				21CD21852B38AB1200AC85D7 /* Notes */,
				21CD21842B38AB1200AC85D7 /* Products */,
			);
			sourceTree = "<group>";
		};
		21CD21842B38AB1200AC85D7 /* Products */ = {
			isa = PBXGroup;
			children = (
				21CD21832B38AB1200AC85D7 /* Notes.app */,
			);
			name = Products;
			sourceTree = "<group>";
		};
		21CD21852B38AB1200AC85D7 /* Notes */ = {
			isa = PBXGroup;
			children = (
				210A61F22B39B80100A94414 /* Views */,
				210A61F12B39B7FA00A94414 /* ViewModel */,
				210A61F02B39B7F500A94414 /* Data */,
				210A61EF2B39B7CF00A94414 /* Enums */,
				210A61EE2B39B7C800A94414 /* Model */,
				21CD21862B38AB1200AC85D7 /* NotesApp.swift */,
				21CD21882B38AB1200AC85D7 /* ContentView.swift */,
				21CD218A2B38AB1200AC85D7 /* Assets.xcassets */,
				21CD218C2B38AB1200AC85D7 /* Preview Content */,
			);
			path = Notes;
			sourceTree = "<group>";
		};
		21CD218C2B38AB1200AC85D7 /* Preview Content */ = {
			isa = PBXGroup;
			children = (
				21CD218D2B38AB1200AC85D7 /* Preview Assets.xcassets */,
			);
			path = "Preview Content";
			sourceTree = "<group>";
		};
/* End PBXGroup section */

/* Begin PBXNativeTarget section */
		21CD21822B38AB1200AC85D7 /* Notes */ = {
			isa = PBXNativeTarget;
			buildConfigurationList = 21CD21912B38AB1200AC85D7 /* Build configuration list for PBXNativeTarget "Notes" */;
			buildPhases = (
				21CD217F2B38AB1200AC85D7 /* Sources */,
				21CD21802B38AB1200AC85D7 /* Frameworks */,
				21CD21812B38AB1200AC85D7 /* Resources */,
			);
			buildRules = (
			);
			dependencies = (
			);
			name = Notes;
			productName = Notes;
			productReference = 21CD21832B38AB1200AC85D7 /* Notes.app */;
			productType = "com.apple.product-type.application";
		};
/* End PBXNativeTarget section */

/* Begin PBXProject section */
		21CD217B2B38AB1200AC85D7 /* Project object */ = {
			isa = PBXProject;
			attributes = {
				BuildIndependentTargetsInParallel = 1;
				LastSwiftUpdateCheck = 1500;
				LastUpgradeCheck = 1500;
				TargetAttributes = {
					21CD21822B38AB1200AC85D7 = {
						CreatedOnToolsVersion = 15.0.1;
					};
				};
			};
			buildConfigurationList = 21CD217E2B38AB1200AC85D7 /* Build configuration list for PBXProject "Notes" */;
			compatibilityVersion = "Xcode 14.0";
			developmentRegion = en;
			hasScannedForEncodings = 0;
			knownRegions = (
				en,
				Base,
			);
			mainGroup = 21CD217A2B38AB1200AC85D7;
			productRefGroup = 21CD21842B38AB1200AC85D7 /* Products */;
			projectDirPath = "";
			projectRoot = "";
			targets = (
				21CD21822B38AB1200AC85D7 /* Notes */,
			);
		};
/* End PBXProject section */

/* Begin PBXResourcesBuildPhase section */
		21CD21812B38AB1200AC85D7 /* Resources */ = {
			isa = PBXResourcesBuildPhase;
			buildActionMask = 2147483647;
			files = (
				21CD218E2B38AB1200AC85D7 /* Preview Assets.xcassets in Resources */,
				21CD218B2B38AB1200AC85D7 /* Assets.xcassets in Resources */,
			);
			runOnlyForDeploymentPostprocessing = 0;
		};
/* End PBXResourcesBuildPhase section */

/* Begin PBXSourcesBuildPhase section */
		21CD217F2B38AB1200AC85D7 /* Sources */ = {
			isa = PBXSourcesBuildPhase;
			buildActionMask = 2147483647;
			files = (
				210A61FD2B39BB7C00A94414 /* TasksData.xcdatamodeld in Sources */,
				212FC6502B39C1D700177B77 /* HomeView.swift in Sources */,
				210A61FF2B39BCCB00A94414 /* TaskViewModel.swift in Sources */,
				212FC6522B39C7F100177B77 /* NewNotesView.swift in Sources */,
				21CD21892B38AB1200AC85D7 /* ContentView.swift in Sources */,
				210A61F92B39BAA200A94414 /* PersistentStore.swift in Sources */,
				21CD21872B38AB1200AC85D7 /* NotesApp.swift in Sources */,
				210A61F72B39B87C00A94414 /* Prio.swift in Sources */,
			);
			runOnlyForDeploymentPostprocessing = 0;
		};
/* End PBXSourcesBuildPhase section */

/* Begin XCBuildConfiguration section */
		21CD218F2B38AB1200AC85D7 /* Debug */ = {
			isa = XCBuildConfiguration;
			buildSettings = {
				ALWAYS_SEARCH_USER_PATHS = NO;
				ASSETCATALOG_COMPILER_GENERATE_SWIFT_ASSET_SYMBOL_EXTENSIONS = YES;
				CLANG_ANALYZER_NONNULL = YES;
				CLANG_ANALYZER_NUMBER_OBJECT_CONVERSION = YES_AGGRESSIVE;
				CLANG_CXX_LANGUAGE_STANDARD = "gnu++20";
				CLANG_ENABLE_MODULES = YES;
				CLANG_ENABLE_OBJC_ARC = YES;
				CLANG_ENABLE_OBJC_WEAK = YES;
				CLANG_WARN_BLOCK_CAPTURE_AUTORELEASING = YES;
				CLANG_WARN_BOOL_CONVERSION = YES;
				CLANG_WARN_COMMA = YES;
				CLANG_WARN_CONSTANT_CONVERSION = YES;
				CLANG_WARN_DEPRECATED_OBJC_IMPLEMENTATIONS = YES;
				CLANG_WARN_DIRECT_OBJC_ISA_USAGE = YES_ERROR;
				CLANG_WARN_DOCUMENTATION_COMMENTS = YES;
				CLANG_WARN_EMPTY_BODY = YES;
				CLANG_WARN_ENUM_CONVERSION = YES;
				CLANG_WARN_INFINITE_RECURSION = YES;
				CLANG_WARN_INT_CONVERSION = YES;
				CLANG_WARN_NON_LITERAL_NULL_CONVERSION = YES;
				CLANG_WARN_OBJC_IMPLICIT_RETAIN_SELF = YES;
				CLANG_WARN_OBJC_LITERAL_CONVERSION = YES;
				CLANG_WARN_OBJC_ROOT_CLASS = YES_ERROR;
				CLANG_WARN_QUOTED_INCLUDE_IN_FRAMEWORK_HEADER = YES;
				CLANG_WARN_RANGE_LOOP_ANALYSIS = YES;
				CLANG_WARN_STRICT_PROTOTYPES = YES;
				CLANG_WARN_SUSPICIOUS_MOVE = YES;
				CLANG_WARN_UNGUARDED_AVAILABILITY = YES_AGGRESSIVE;
				CLANG_WARN_UNREACHABLE_CODE = YES;
				CLANG_WARN__DUPLICATE_METHOD_MATCH = YES;
				COPY_PHASE_STRIP = NO;
				DEBUG_INFORMATION_FORMAT = dwarf;
				ENABLE_STRICT_OBJC_MSGSEND = YES;
				ENABLE_TESTABILITY = YES;
				ENABLE_USER_SCRIPT_SANDBOXING = YES;
				GCC_C_LANGUAGE_STANDARD = gnu17;
				GCC_DYNAMIC_NO_PIC = NO;
				GCC_NO_COMMON_BLOCKS = YES;
				GCC_OPTIMIZATION_LEVEL = 0;
				GCC_PREPROCESSOR_DEFINITIONS = (
					"DEBUG=1",
					"$(inherited)",
				);
				GCC_WARN_64_TO_32_BIT_CONVERSION = YES;
				GCC_WARN_ABOUT_RETURN_TYPE = YES_ERROR;
				GCC_WARN_UNDECLARED_SELECTOR = YES;
				GCC_WARN_UNINITIALIZED_AUTOS = YES_AGGRESSIVE;
				GCC_WARN_UNUSED_FUNCTION = YES;
				GCC_WARN_UNUSED_VARIABLE = YES;
				IPHONEOS_DEPLOYMENT_TARGET = 17.0;
				LOCALIZATION_PREFERS_STRING_CATALOGS = YES;
				MTL_ENABLE_DEBUG_INFO = INCLUDE_SOURCE;
				MTL_FAST_MATH = YES;
				ONLY_ACTIVE_ARCH = YES;
				SDKROOT = iphoneos;
				SWIFT_ACTIVE_COMPILATION_CONDITIONS = "DEBUG $(inherited)";
				SWIFT_OPTIMIZATION_LEVEL = "-Onone";
			};
			name = Debug;
		};
		21CD21902B38AB1200AC85D7 /* Release */ = {
			isa = XCBuildConfiguration;
			buildSettings = {
				ALWAYS_SEARCH_USER_PATHS = NO;
				ASSETCATALOG_COMPILER_GENERATE_SWIFT_ASSET_SYMBOL_EXTENSIONS = YES;
				CLANG_ANALYZER_NONNULL = YES;
				CLANG_ANALYZER_NUMBER_OBJECT_CONVERSION = YES_AGGRESSIVE;
				CLANG_CXX_LANGUAGE_STANDARD = "gnu++20";
				CLANG_ENABLE_MODULES = YES;
				CLANG_ENABLE_OBJC_ARC = YES;
				CLANG_ENABLE_OBJC_WEAK = YES;
				CLANG_WARN_BLOCK_CAPTURE_AUTORELEASING = YES;
				CLANG_WARN_BOOL_CONVERSION = YES;
				CLANG_WARN_COMMA = YES;
				CLANG_WARN_CONSTANT_CONVERSION = YES;
				CLANG_WARN_DEPRECATED_OBJC_IMPLEMENTATIONS = YES;
				CLANG_WARN_DIRECT_OBJC_ISA_USAGE = YES_ERROR;
				CLANG_WARN_DOCUMENTATION_COMMENTS = YES;
				CLANG_WARN_EMPTY_BODY = YES;
				CLANG_WARN_ENUM_CONVERSION = YES;
				CLANG_WARN_INFINITE_RECURSION = YES;
				CLANG_WARN_INT_CONVERSION = YES;
				CLANG_WARN_NON_LITERAL_NULL_CONVERSION = YES;
				CLANG_WARN_OBJC_IMPLICIT_RETAIN_SELF = YES;
				CLANG_WARN_OBJC_LITERAL_CONVERSION = YES;
				CLANG_WARN_OBJC_ROOT_CLASS = YES_ERROR;
				CLANG_WARN_QUOTED_INCLUDE_IN_FRAMEWORK_HEADER = YES;
				CLANG_WARN_RANGE_LOOP_ANALYSIS = YES;
				CLANG_WARN_STRICT_PROTOTYPES = YES;
				CLANG_WARN_SUSPICIOUS_MOVE = YES;
				CLANG_WARN_UNGUARDED_AVAILABILITY = YES_AGGRESSIVE;
				CLANG_WARN_UNREACHABLE_CODE = YES;
				CLANG_WARN__DUPLICATE_METHOD_MATCH = YES;
				COPY_PHASE_STRIP = NO;
				DEBUG_INFORMATION_FORMAT = "dwarf-with-dsym";
				ENABLE_NS_ASSERTIONS = NO;
				ENABLE_STRICT_OBJC_MSGSEND = YES;
				ENABLE_USER_SCRIPT_SANDBOXING = YES;
				GCC_C_LANGUAGE_STANDARD = gnu17;
				GCC_NO_COMMON_BLOCKS = YES;
				GCC_WARN_64_TO_32_BIT_CONVERSION = YES;
				GCC_WARN_ABOUT_RETURN_TYPE = YES_ERROR;
				GCC_WARN_UNDECLARED_SELECTOR = YES;
				GCC_WARN_UNINITIALIZED_AUTOS = YES_AGGRESSIVE;
				GCC_WARN_UNUSED_FUNCTION = YES;
				GCC_WARN_UNUSED_VARIABLE = YES;
				IPHONEOS_DEPLOYMENT_TARGET = 17.0;
				LOCALIZATION_PREFERS_STRING_CATALOGS = YES;
				MTL_ENABLE_DEBUG_INFO = NO;
				MTL_FAST_MATH = YES;
				SDKROOT = iphoneos;
				SWIFT_COMPILATION_MODE = wholemodule;
				VALIDATE_PRODUCT = YES;
			};
			name = Release;
		};
		21CD21922B38AB1200AC85D7 /* Debug */ = {
			isa = XCBuildConfiguration;
			buildSettings = {
				ASSETCATALOG_COMPILER_APPICON_NAME = AppIcon;
				ASSETCATALOG_COMPILER_GLOBAL_ACCENT_COLOR_NAME = AccentColor;
				CODE_SIGN_STYLE = Automatic;
				CURRENT_PROJECT_VERSION = 1;
				DEVELOPMENT_ASSET_PATHS = "\"Notes/Preview Content\"";
				ENABLE_PREVIEWS = YES;
				GENERATE_INFOPLIST_FILE = YES;
				INFOPLIST_KEY_UIApplicationSceneManifest_Generation = YES;
				INFOPLIST_KEY_UIApplicationSupportsIndirectInputEvents = YES;
				INFOPLIST_KEY_UILaunchScreen_Generation = YES;
				INFOPLIST_KEY_UISupportedInterfaceOrientations_iPad = "UIInterfaceOrientationPortrait UIInterfaceOrientationPortraitUpsideDown UIInterfaceOrientationLandscapeLeft UIInterfaceOrientationLandscapeRight";
				INFOPLIST_KEY_UISupportedInterfaceOrientations_iPhone = "UIInterfaceOrientationPortrait UIInterfaceOrientationLandscapeLeft UIInterfaceOrientationLandscapeRight";
				LD_RUNPATH_SEARCH_PATHS = (
					"$(inherited)",
					"@executable_path/Frameworks",
				);
				MARKETING_VERSION = 1.0;
				PRODUCT_BUNDLE_IDENTIFIER = momcilobogunovic.Notes;
				PRODUCT_NAME = "$(TARGET_NAME)";
				SWIFT_EMIT_LOC_STRINGS = YES;
				SWIFT_VERSION = 5.0;
				TARGETED_DEVICE_FAMILY = "1,2";
			};
			name = Debug;
		};
		21CD21932B38AB1200AC85D7 /* Release */ = {
			isa = XCBuildConfiguration;
			buildSettings = {
				ASSETCATALOG_COMPILER_APPICON_NAME = AppIcon;
				ASSETCATALOG_COMPILER_GLOBAL_ACCENT_COLOR_NAME = AccentColor;
				CODE_SIGN_STYLE = Automatic;
				CURRENT_PROJECT_VERSION = 1;
				DEVELOPMENT_ASSET_PATHS = "\"Notes/Preview Content\"";
				ENABLE_PREVIEWS = YES;
				GENERATE_INFOPLIST_FILE = YES;
				INFOPLIST_KEY_UIApplicationSceneManifest_Generation = YES;
				INFOPLIST_KEY_UIApplicationSupportsIndirectInputEvents = YES;
				INFOPLIST_KEY_UILaunchScreen_Generation = YES;
				INFOPLIST_KEY_UISupportedInterfaceOrientations_iPad = "UIInterfaceOrientationPortrait UIInterfaceOrientationPortraitUpsideDown UIInterfaceOrientationLandscapeLeft UIInterfaceOrientationLandscapeRight";
				INFOPLIST_KEY_UISupportedInterfaceOrientations_iPhone = "UIInterfaceOrientationPortrait UIInterfaceOrientationLandscapeLeft UIInterfaceOrientationLandscapeRight";
				LD_RUNPATH_SEARCH_PATHS = (
					"$(inherited)",
					"@executable_path/Frameworks",
				);
				MARKETING_VERSION = 1.0;
				PRODUCT_BUNDLE_IDENTIFIER = momcilobogunovic.Notes;
				PRODUCT_NAME = "$(TARGET_NAME)";
				SWIFT_EMIT_LOC_STRINGS = YES;
				SWIFT_VERSION = 5.0;
				TARGETED_DEVICE_FAMILY = "1,2";
			};
			name = Release;
		};
/* End XCBuildConfiguration section */

/* Begin XCConfigurationList section */
		21CD217E2B38AB1200AC85D7 /* Build configuration list for PBXProject "Notes" */ = {
			isa = XCConfigurationList;
			buildConfigurations = (
				21CD218F2B38AB1200AC85D7 /* Debug */,
				21CD21902B38AB1200AC85D7 /* Release */,
			);
			defaultConfigurationIsVisible = 0;
			defaultConfigurationName = Release;
		};
		21CD21912B38AB1200AC85D7 /* Build configuration list for PBXNativeTarget "Notes" */ = {
			isa = XCConfigurationList;
			buildConfigurations = (
				21CD21922B38AB1200AC85D7 /* Debug */,
				21CD21932B38AB1200AC85D7 /* Release */,
			);
			defaultConfigurationIsVisible = 0;
			defaultConfigurationName = Release;
		};
/* End XCConfigurationList section */

/* Begin XCVersionGroup section */
		210A61FA2B39BB7C00A94414 /* TasksData.xcdatamodeld */ = {
			isa = XCVersionGroup;
			children = (
				210A61FB2B39BB7C00A94414 /* TasksData.xcdatamodel */,
				210A61FC2B39BB7C00A94414 /* Model.xcdatamodel */,
			);
			currentVersion = 210A61FB2B39BB7C00A94414 /* TasksData.xcdatamodel */;
			path = TasksData.xcdatamodeld;
			sourceTree = "<group>";
			versionGroupType = wrapper.xcdatamodel;
		};
/* End XCVersionGroup section */
	};
	rootObject = 21CD217B2B38AB1200AC85D7 /* Project object */;
}
